// !$*UTF8*$!
{
	archiveVersion = 1;
	classes = {
	};
	objectVersion = 77;
	objects = {

/* Begin PBXContainerItemProxy section */
		4B407DD02E118D1B00078974 /* PBXContainerItemProxy */ = {
			isa = PBXContainerItemProxy;
			containerPortal = 4B407DB92E118D1900078974 /* Project object */;
			proxyType = 1;
			remoteGlobalIDString = 4B407DC02E118D1900078974;
			remoteInfo = dokk;
		};
		4B407DDA2E118D1C00078974 /* PBXContainerItemProxy */ = {
			isa = PBXContainerItemProxy;
			containerPortal = 4B407DB92E118D1900078974 /* Project object */;
			proxyType = 1;
			remoteGlobalIDString = 4B407DC02E118D1900078974;
			remoteInfo = dokk;
		};
/* End PBXContainerItemProxy section */

/* Begin PBXFileReference section */
		4B407DC12E118D1900078974 /* dokk.app */ = {isa = PBXFileReference; explicitFileType = wrapper.application; includeInIndex = 0; path = dokk.app; sourceTree = BUILT_PRODUCTS_DIR; };
		4B407DCF2E118D1B00078974 /* dokkTests.xctest */ = {isa = PBXFileReference; explicitFileType = wrapper.cfbundle; includeInIndex = 0; path = dokkTests.xctest; sourceTree = BUILT_PRODUCTS_DIR; };
		4B407DD92E118D1C00078974 /* dokkUITests.xctest */ = {isa = PBXFileReference; explicitFileType = wrapper.cfbundle; includeInIndex = 0; path = dokkUITests.xctest; sourceTree = BUILT_PRODUCTS_DIR; };
/* End PBXFileReference section */

/* Begin PBXFileSystemSynchronizedRootGroup section */
		4B407DC32E118D1900078974 /* dokk */ = {
			isa = PBXFileSystemSynchronizedRootGroup;
			path = dokk;
			sourceTree = "<group>";
		};
		4B407DD22E118D1B00078974 /* dokkTests */ = {
			isa = PBXFileSystemSynchronizedRootGroup;
			path = dokkTests;
			sourceTree = "<group>";
		};
		4B407DDC2E118D1C00078974 /* dokkUITests */ = {
			isa = PBXFileSystemSynchronizedRootGroup;
			path = dokkUITests;
			sourceTree = "<group>";
		};
/* End PBXFileSystemSynchronizedRootGroup section */

/* Begin PBXFrameworksBuildPhase section */
		4B407DBE2E118D1900078974 /* Frameworks */ = {
			isa = PBXFrameworksBuildPhase;
			buildActionMask = 2147483647;
			files = (
			);
			runOnlyForDeploymentPostprocessing = 0;
		};
		4B407DCC2E118D1B00078974 /* Frameworks */ = {
			isa = PBXFrameworksBuildPhase;
			buildActionMask = 2147483647;
			files = (
			);
			runOnlyForDeploymentPostprocessing = 0;
		};
		4B407DD62E118D1C00078974 /* Frameworks */ = {
			isa = PBXFrameworksBuildPhase;
			buildActionMask = 2147483647;
			files = (
			);
			runOnlyForDeploymentPostprocessing = 0;
		};
/* End PBXFrameworksBuildPhase section */

/* Begin PBXGroup section */
		4B407DB82E118D1900078974 = {
			isa = PBXGroup;
			children = (
				4B407DC32E118D1900078974 /* dokk */,
				4B407DD22E118D1B00078974 /* dokkTests */,
				4B407DDC2E118D1C00078974 /* dokkUITests */,
				4B407DC22E118D1900078974 /* Products */,
			);
			sourceTree = "<group>";
		};
		4B407DC22E118D1900078974 /* Products */ = {
			isa = PBXGroup;
			children = (
				4B407DC12E118D1900078974 /* dokk.app */,
				4B407DCF2E118D1B00078974 /* dokkTests.xctest */,
				4B407DD92E118D1C00078974 /* dokkUITests.xctest */,
			);
			name = Products;
			sourceTree = "<group>";
		};
/* End PBXGroup section */

/* Begin PBXNativeTarget section */
		4B407DC02E118D1900078974 /* dokk */ = {
			isa = PBXNativeTarget;
			buildConfigurationList = 4B407DE32E118D1C00078974 /* Build configuration list for PBXNativeTarget "dokk" */;
			buildPhases = (
				4B407DBD2E118D1900078974 /* Sources */,
				4B407DBE2E118D1900078974 /* Frameworks */,
				4B407DBF2E118D1900078974 /* Resources */,
			);
			buildRules = (
			);
			dependencies = (
			);
			fileSystemSynchronizedGroups = (
				4B407DC32E118D1900078974 /* dokk */,
			);
			name = dokk;
			packageProductDependencies = (
			);
			productName = dokk;
			productReference = 4B407DC12E118D1900078974 /* dokk.app */;
			productType = "com.apple.product-type.application";
		};
		4B407DCE2E118D1B00078974 /* dokkTests */ = {
			isa = PBXNativeTarget;
			buildConfigurationList = 4B407DE62E118D1C00078974 /* Build configuration list for PBXNativeTarget "dokkTests" */;
			buildPhases = (
				4B407DCB2E118D1B00078974 /* Sources */,
				4B407DCC2E118D1B00078974 /* Frameworks */,
				4B407DCD2E118D1B00078974 /* Resources */,
			);
			buildRules = (
			);
			dependencies = (
				4B407DD12E118D1B00078974 /* PBXTargetDependency */,
			);
			fileSystemSynchronizedGroups = (
				4B407DD22E118D1B00078974 /* dokkTests */,
			);
			name = dokkTests;
			packageProductDependencies = (
			);
			productName = dokkTests;
			productReference = 4B407DCF2E118D1B00078974 /* dokkTests.xctest */;
			productType = "com.apple.product-type.bundle.unit-test";
		};
		4B407DD82E118D1C00078974 /* dokkUITests */ = {
			isa = PBXNativeTarget;
			buildConfigurationList = 4B407DE92E118D1C00078974 /* Build configuration list for PBXNativeTarget "dokkUITests" */;
			buildPhases = (
				4B407DD52E118D1C00078974 /* Sources */,
				4B407DD62E118D1C00078974 /* Frameworks */,
				4B407DD72E118D1C00078974 /* Resources */,
			);
			buildRules = (
			);
			dependencies = (
				4B407DDB2E118D1C00078974 /* PBXTargetDependency */,
			);
			fileSystemSynchronizedGroups = (
				4B407DDC2E118D1C00078974 /* dokkUITests */,
			);
			name = dokkUITests;
			packageProductDependencies = (
			);
			productName = dokkUITests;
			productReference = 4B407DD92E118D1C00078974 /* dokkUITests.xctest */;
			productType = "com.apple.product-type.bundle.ui-testing";
		};
/* End PBXNativeTarget section */

/* Begin PBXProject section */
		4B407DB92E118D1900078974 /* Project object */ = {
			isa = PBXProject;
			attributes = {
				BuildIndependentTargetsInParallel = 1;
				LastSwiftUpdateCheck = 1640;
				LastUpgradeCheck = 1640;
				TargetAttributes = {
					4B407DC02E118D1900078974 = {
						CreatedOnToolsVersion = 16.4;
					};
					4B407DCE2E118D1B00078974 = {
						CreatedOnToolsVersion = 16.4;
						TestTargetID = 4B407DC02E118D1900078974;
					};
					4B407DD82E118D1C00078974 = {
						CreatedOnToolsVersion = 16.4;
						TestTargetID = 4B407DC02E118D1900078974;
					};
				};
			};
			buildConfigurationList = 4B407DBC2E118D1900078974 /* Build configuration list for PBXProject "dokk" */;
			developmentRegion = en;
			hasScannedForEncodings = 0;
			knownRegions = (
				en,
				Base,
			);
			mainGroup = 4B407DB82E118D1900078974;
			minimizedProjectReferenceProxies = 1;
			preferredProjectObjectVersion = 77;
			productRefGroup = 4B407DC22E118D1900078974 /* Products */;
			projectDirPath = "";
			projectRoot = "";
			targets = (
				4B407DC02E118D1900078974 /* dokk */,
				4B407DCE2E118D1B00078974 /* dokkTests */,
				4B407DD82E118D1C00078974 /* dokkUITests */,
			);
		};
/* End PBXProject section */

/* Begin PBXResourcesBuildPhase section */
		4B407DBF2E118D1900078974 /* Resources */ = {
			isa = PBXResourcesBuildPhase;
			buildActionMask = 2147483647;
			files = (
			);
			runOnlyForDeploymentPostprocessing = 0;
		};
		4B407DCD2E118D1B00078974 /* Resources */ = {
			isa = PBXResourcesBuildPhase;
			buildActionMask = 2147483647;
			files = (
			);
			runOnlyForDeploymentPostprocessing = 0;
		};
		4B407DD72E118D1C00078974 /* Resources */ = {
			isa = PBXResourcesBuildPhase;
			buildActionMask = 2147483647;
			files = (
			);
			runOnlyForDeploymentPostprocessing = 0;
		};
/* End PBXResourcesBuildPhase section */

/* Begin PBXSourcesBuildPhase section */
		4B407DBD2E118D1900078974 /* Sources */ = {
			isa = PBXSourcesBuildPhase;
			buildActionMask = 2147483647;
			files = (
			);
			runOnlyForDeploymentPostprocessing = 0;
		};
		4B407DCB2E118D1B00078974 /* Sources */ = {
			isa = PBXSourcesBuildPhase;
			buildActionMask = 2147483647;
			files = (
			);
			runOnlyForDeploymentPostprocessing = 0;
		};
		4B407DD52E118D1C00078974 /* Sources */ = {
			isa = PBXSourcesBuildPhase;
			buildActionMask = 2147483647;
			files = (
			);
			runOnlyForDeploymentPostprocessing = 0;
		};
/* End PBXSourcesBuildPhase section */

/* Begin PBXTargetDependency section */
		4B407DD12E118D1B00078974 /* PBXTargetDependency */ = {
			isa = PBXTargetDependency;
			target = 4B407DC02E118D1900078974 /* dokk */;
			targetProxy = 4B407DD02E118D1B00078974 /* PBXContainerItemProxy */;
		};
		4B407DDB2E118D1C00078974 /* PBXTargetDependency */ = {
			isa = PBXTargetDependency;
			target = 4B407DC02E118D1900078974 /* dokk */;
			targetProxy = 4B407DDA2E118D1C00078974 /* PBXContainerItemProxy */;
		};
/* End PBXTargetDependency section */

/* Begin XCBuildConfiguration section */
		4B407DE12E118D1C00078974 /* Debug */ = {
			isa = XCBuildConfiguration;
			buildSettings = {
				ALWAYS_SEARCH_USER_PATHS = NO;
				ASSETCATALOG_COMPILER_GENERATE_SWIFT_ASSET_SYMBOL_EXTENSIONS = YES;
				CLANG_ANALYZER_NONNULL = YES;
				CLANG_ANALYZER_NUMBER_OBJECT_CONVERSION = YES_AGGRESSIVE;
				CLANG_CXX_LANGUAGE_STANDARD = "gnu++20";
				CLANG_ENABLE_MODULES = YES;
				CLANG_ENABLE_OBJC_ARC = YES;
				CLANG_ENABLE_OBJC_WEAK = YES;
				CLANG_WARN_BLOCK_CAPTURE_AUTORELEASING = YES;
				CLANG_WARN_BOOL_CONVERSION = YES;
				CLANG_WARN_COMMA = YES;
				CLANG_WARN_CONSTANT_CONVERSION = YES;
				CLANG_WARN_DEPRECATED_OBJC_IMPLEMENTATIONS = YES;
				CLANG_WARN_DIRECT_OBJC_ISA_USAGE = YES_ERROR;
				CLANG_WARN_DOCUMENTATION_COMMENTS = YES;
				CLANG_WARN_EMPTY_BODY = YES;
				CLANG_WARN_ENUM_CONVERSION = YES;
				CLANG_WARN_INFINITE_RECURSION = YES;
				CLANG_WARN_INT_CONVERSION = YES;
				CLANG_WARN_NON_LITERAL_NULL_CONVERSION = YES;
				CLANG_WARN_OBJC_IMPLICIT_RETAIN_SELF = YES;
				CLANG_WARN_OBJC_LITERAL_CONVERSION = YES;
				CLANG_WARN_OBJC_ROOT_CLASS = YES_ERROR;
				CLANG_WARN_QUOTED_INCLUDE_IN_FRAMEWORK_HEADER = YES;
				CLANG_WARN_RANGE_LOOP_ANALYSIS = YES;
				CLANG_WARN_STRICT_PROTOTYPES = YES;
				CLANG_WARN_SUSPICIOUS_MOVE = YES;
				CLANG_WARN_UNGUARDED_AVAILABILITY = YES_AGGRESSIVE;
				CLANG_WARN_UNREACHABLE_CODE = YES;
				CLANG_WARN__DUPLICATE_METHOD_MATCH = YES;
				COPY_PHASE_STRIP = NO;
				DEBUG_INFORMATION_FORMAT = dwarf;
				ENABLE_STRICT_OBJC_MSGSEND = YES;
				ENABLE_TESTABILITY = YES;
				ENABLE_USER_SCRIPT_SANDBOXING = YES;
				GCC_C_LANGUAGE_STANDARD = gnu17;
				GCC_DYNAMIC_NO_PIC = NO;
				GCC_NO_COMMON_BLOCKS = YES;
				GCC_OPTIMIZATION_LEVEL = 0;
				GCC_PREPROCESSOR_DEFINITIONS = (
					"DEBUG=1",
					"$(inherited)",
				);
				GCC_WARN_64_TO_32_BIT_CONVERSION = YES;
				GCC_WARN_ABOUT_RETURN_TYPE = YES_ERROR;
				GCC_WARN_UNDECLARED_SELECTOR = YES;
				GCC_WARN_UNINITIALIZED_AUTOS = YES_AGGRESSIVE;
				GCC_WARN_UNUSED_FUNCTION = YES;
				GCC_WARN_UNUSED_VARIABLE = YES;
				LOCALIZATION_PREFERS_STRING_CATALOGS = YES;
				MACOSX_DEPLOYMENT_TARGET = 15.5;
				MTL_ENABLE_DEBUG_INFO = INCLUDE_SOURCE;
				MTL_FAST_MATH = YES;
				ONLY_ACTIVE_ARCH = YES;
				SDKROOT = macosx;
				SWIFT_ACTIVE_COMPILATION_CONDITIONS = "DEBUG $(inherited)";
				SWIFT_OPTIMIZATION_LEVEL = "-Onone";
			};
			name = Debug;
		};
		4B407DE22E118D1C00078974 /* Release */ = {
			isa = XCBuildConfiguration;
			buildSettings = {
				ALWAYS_SEARCH_USER_PATHS = NO;
				ASSETCATALOG_COMPILER_GENERATE_SWIFT_ASSET_SYMBOL_EXTENSIONS = YES;
				CLANG_ANALYZER_NONNULL = YES;
				CLANG_ANALYZER_NUMBER_OBJECT_CONVERSION = YES_AGGRESSIVE;
				CLANG_CXX_LANGUAGE_STANDARD = "gnu++20";
				CLANG_ENABLE_MODULES = YES;
				CLANG_ENABLE_OBJC_ARC = YES;
				CLANG_ENABLE_OBJC_WEAK = YES;
				CLANG_WARN_BLOCK_CAPTURE_AUTORELEASING = YES;
				CLANG_WARN_BOOL_CONVERSION = YES;
				CLANG_WARN_COMMA = YES;
				CLANG_WARN_CONSTANT_CONVERSION = YES;
				CLANG_WARN_DEPRECATED_OBJC_IMPLEMENTATIONS = YES;
				CLANG_WARN_DIRECT_OBJC_ISA_USAGE = YES_ERROR;
				CLANG_WARN_DOCUMENTATION_COMMENTS = YES;
				CLANG_WARN_EMPTY_BODY = YES;
				CLANG_WARN_ENUM_CONVERSION = YES;
				CLANG_WARN_INFINITE_RECURSION = YES;
				CLANG_WARN_INT_CONVERSION = YES;
				CLANG_WARN_NON_LITERAL_NULL_CONVERSION = YES;
				CLANG_WARN_OBJC_IMPLICIT_RETAIN_SELF = YES;
				CLANG_WARN_OBJC_LITERAL_CONVERSION = YES;
				CLANG_WARN_OBJC_ROOT_CLASS = YES_ERROR;
				CLANG_WARN_QUOTED_INCLUDE_IN_FRAMEWORK_HEADER = YES;
				CLANG_WARN_RANGE_LOOP_ANALYSIS = YES;
				CLANG_WARN_STRICT_PROTOTYPES = YES;
				CLANG_WARN_SUSPICIOUS_MOVE = YES;
				CLANG_WARN_UNGUARDED_AVAILABILITY = YES_AGGRESSIVE;
				CLANG_WARN_UNREACHABLE_CODE = YES;
				CLANG_WARN__DUPLICATE_METHOD_MATCH = YES;
				COPY_PHASE_STRIP = NO;
				DEBUG_INFORMATION_FORMAT = "dwarf-with-dsym";
				ENABLE_NS_ASSERTIONS = NO;
				ENABLE_STRICT_OBJC_MSGSEND = YES;
				ENABLE_USER_SCRIPT_SANDBOXING = YES;
				GCC_C_LANGUAGE_STANDARD = gnu17;
				GCC_NO_COMMON_BLOCKS = YES;
				GCC_WARN_64_TO_32_BIT_CONVERSION = YES;
				GCC_WARN_ABOUT_RETURN_TYPE = YES_ERROR;
				GCC_WARN_UNDECLARED_SELECTOR = YES;
				GCC_WARN_UNINITIALIZED_AUTOS = YES_AGGRESSIVE;
				GCC_WARN_UNUSED_FUNCTION = YES;
				GCC_WARN_UNUSED_VARIABLE = YES;
				LOCALIZATION_PREFERS_STRING_CATALOGS = YES;
				MACOSX_DEPLOYMENT_TARGET = 15.5;
				MTL_ENABLE_DEBUG_INFO = NO;
				MTL_FAST_MATH = YES;
				SDKROOT = macosx;
				SWIFT_COMPILATION_MODE = wholemodule;
			};
			name = Release;
		};
		4B407DE42E118D1C00078974 /* Debug */ = {
			isa = XCBuildConfiguration;
			buildSettings = {
				ASSETCATALOG_COMPILER_APPICON_NAME = AppIcon;
				ASSETCATALOG_COMPILER_GLOBAL_ACCENT_COLOR_NAME = AccentColor;
				CODE_SIGN_ENTITLEMENTS = dokk/dokk.entitlements;
				CODE_SIGN_STYLE = Automatic;
				COMBINE_HIDPI_IMAGES = YES;
				CURRENT_PROJECT_VERSION = 1;
				ENABLE_PREVIEWS = YES;
				GENERATE_INFOPLIST_FILE = YES;
				INFOPLIST_KEY_NSHumanReadableCopyright = "";
				LD_RUNPATH_SEARCH_PATHS = (
					"$(inherited)",
					"@executable_path/../Frameworks",
				);
				MARKETING_VERSION = 1.0;
				PRODUCT_BUNDLE_IDENTIFIER = symmetrysyndicate.dokk;
				PRODUCT_NAME = "$(TARGET_NAME)";
				REGISTER_APP_GROUPS = YES;
				SWIFT_EMIT_LOC_STRINGS = YES;
				SWIFT_VERSION = 5.0;
			};
			name = Debug;
		};
		4B407DE52E118D1C00078974 /* Release */ = {
			isa = XCBuildConfiguration;
			buildSettings = {
				ASSETCATALOG_COMPILER_APPICON_NAME = AppIcon;
				ASSETCATALOG_COMPILER_GLOBAL_ACCENT_COLOR_NAME = AccentColor;
				CODE_SIGN_ENTITLEMENTS = dokk/dokk.entitlements;
				CODE_SIGN_STYLE = Automatic;
				COMBINE_HIDPI_IMAGES = YES;
				CURRENT_PROJECT_VERSION = 1;
				ENABLE_PREVIEWS = YES;
				GENERATE_INFOPLIST_FILE = YES;
				INFOPLIST_KEY_NSHumanReadableCopyright = "";
				LD_RUNPATH_SEARCH_PATHS = (
					"$(inherited)",
					"@executable_path/../Frameworks",
				);
				MARKETING_VERSION = 1.0;
				PRODUCT_BUNDLE_IDENTIFIER = symmetrysyndicate.dokk;
				PRODUCT_NAME = "$(TARGET_NAME)";
				REGISTER_APP_GROUPS = YES;
				SWIFT_EMIT_LOC_STRINGS = YES;
				SWIFT_VERSION = 5.0;
			};
			name = Release;
		};
		4B407DE72E118D1C00078974 /* Debug */ = {
			isa = XCBuildConfiguration;
			buildSettings = {
				BUNDLE_LOADER = "$(TEST_HOST)";
				CODE_SIGN_STYLE = Automatic;
				CURRENT_PROJECT_VERSION = 1;
				GENERATE_INFOPLIST_FILE = YES;
				MACOSX_DEPLOYMENT_TARGET = 15.5;
				MARKETING_VERSION = 1.0;
				PRODUCT_BUNDLE_IDENTIFIER = symmetrysyndicate.dokkTests;
				PRODUCT_NAME = "$(TARGET_NAME)";
				SWIFT_EMIT_LOC_STRINGS = NO;
				SWIFT_VERSION = 5.0;
				TEST_HOST = "$(BUILT_PRODUCTS_DIR)/dokk.app/$(BUNDLE_EXECUTABLE_FOLDER_PATH)/dokk";
			};
			name = Debug;
		};
		4B407DE82E118D1C00078974 /* Release */ = {
			isa = XCBuildConfiguration;
			buildSettings = {
				BUNDLE_LOADER = "$(TEST_HOST)";
				CODE_SIGN_STYLE = Automatic;
				CURRENT_PROJECT_VERSION = 1;
				GENERATE_INFOPLIST_FILE = YES;
				MACOSX_DEPLOYMENT_TARGET = 15.5;
				MARKETING_VERSION = 1.0;
				PRODUCT_BUNDLE_IDENTIFIER = symmetrysyndicate.dokkTests;
				PRODUCT_NAME = "$(TARGET_NAME)";
				SWIFT_EMIT_LOC_STRINGS = NO;
				SWIFT_VERSION = 5.0;
				TEST_HOST = "$(BUILT_PRODUCTS_DIR)/dokk.app/$(BUNDLE_EXECUTABLE_FOLDER_PATH)/dokk";
			};
			name = Release;
		};
		4B407DEA2E118D1C00078974 /* Debug */ = {
			isa = XCBuildConfiguration;
			buildSettings = {
				CODE_SIGN_STYLE = Automatic;
				CURRENT_PROJECT_VERSION = 1;
				GENERATE_INFOPLIST_FILE = YES;
				MARKETING_VERSION = 1.0;
				PRODUCT_BUNDLE_IDENTIFIER = symmetrysyndicate.dokkUITests;
				PRODUCT_NAME = "$(TARGET_NAME)";
				SWIFT_EMIT_LOC_STRINGS = NO;
				SWIFT_VERSION = 5.0;
				TEST_TARGET_NAME = dokk;
			};
			name = Debug;
		};
		4B407DEB2E118D1C00078974 /* Release */ = {
			isa = XCBuildConfiguration;
			buildSettings = {
				CODE_SIGN_STYLE = Automatic;
				CURRENT_PROJECT_VERSION = 1;
				GENERATE_INFOPLIST_FILE = YES;
				MARKETING_VERSION = 1.0;
				PRODUCT_BUNDLE_IDENTIFIER = symmetrysyndicate.dokkUITests;
				PRODUCT_NAME = "$(TARGET_NAME)";
				SWIFT_EMIT_LOC_STRINGS = NO;
				SWIFT_VERSION = 5.0;
				TEST_TARGET_NAME = dokk;
			};
			name = Release;
		};
/* End XCBuildConfiguration section */

/* Begin XCConfigurationList section */
		4B407DBC2E118D1900078974 /* Build configuration list for PBXProject "dokk" */ = {
			isa = XCConfigurationList;
			buildConfigurations = (
				4B407DE12E118D1C00078974 /* Debug */,
				4B407DE22E118D1C00078974 /* Release */,
			);
			defaultConfigurationIsVisible = 0;
			defaultConfigurationName = Release;
		};
		4B407DE32E118D1C00078974 /* Build configuration list for PBXNativeTarget "dokk" */ = {
			isa = XCConfigurationList;
			buildConfigurations = (
				4B407DE42E118D1C00078974 /* Debug */,
				4B407DE52E118D1C00078974 /* Release */,
			);
			defaultConfigurationIsVisible = 0;
			defaultConfigurationName = Release;
		};
		4B407DE62E118D1C00078974 /* Build configuration list for PBXNativeTarget "dokkTests" */ = {
			isa = XCConfigurationList;
			buildConfigurations = (
				4B407DE72E118D1C00078974 /* Debug */,
				4B407DE82E118D1C00078974 /* Release */,
			);
			defaultConfigurationIsVisible = 0;
			defaultConfigurationName = Release;
		};
		4B407DE92E118D1C00078974 /* Build configuration list for PBXNativeTarget "dokkUITests" */ = {
			isa = XCConfigurationList;
			buildConfigurations = (
				4B407DEA2E118D1C00078974 /* Debug */,
				4B407DEB2E118D1C00078974 /* Release */,
			);
			defaultConfigurationIsVisible = 0;
			defaultConfigurationName = Release;
		};
/* End XCConfigurationList section */
	};
	rootObject = 4B407DB92E118D1900078974 /* Project object */;
}
